# THIS IS AN AUTOGENERATED FILE. DO NOT EDIT THIS FILE DIRECTLY.
# yarn lockfile v1


"@aws-cdk/aws-iam@^1.42.1":
  version "1.45.0"
  resolved "https://registry.yarnpkg.com/@aws-cdk/aws-iam/-/aws-iam-1.45.0.tgz#bf1f4329e682b73cb0b8a8cf34d35cf624762309"
  integrity sha512-Ngdl2x9YxRQ2zRzWW+Y7Xu/iEVKeMc3MXYGKuWijw7VDBae6rp4r51pch9Gli+ONpCpZL1+Jw8lsPo5VNJuBLQ==
  dependencies:
    "@aws-cdk/core" "1.45.0"
    "@aws-cdk/region-info" "1.45.0"
    constructs "^3.0.2"

"@aws-cdk/cdk-assets-schema@1.45.0":
  version "1.45.0"
  resolved "https://registry.yarnpkg.com/@aws-cdk/cdk-assets-schema/-/cdk-assets-schema-1.45.0.tgz#794a6f9a9154874a9d172a4df308bddba5281dfe"
  integrity sha512-HvS9IN0RTIwJvldOLj/0FsWSj1h3jqeT9sfNdAW0g7FeFSPu3QtdYeDcSGrOo/4fPXsRFV4bcMqoEEph3x9MgQ==
  dependencies:
    semver "^7.2.2"

"@aws-cdk/cloud-assembly-schema@1.45.0":
  version "1.45.0"
  resolved "https://registry.yarnpkg.com/@aws-cdk/cloud-assembly-schema/-/cloud-assembly-schema-1.45.0.tgz#59504ba3df5263d283a7de61bf0f0c7284d395eb"
  integrity sha512-MoQ8580BJYDKzWHNPbn/WiB82A1JdZJXkZ/W0mwR6mi37DOJ6jbycyhGXA9aARw5iNIxqTEAXqGifrUI1ILG+w==
  dependencies:
    jsonschema "^1.2.5"
    semver "^7.2.2"

"@aws-cdk/core@1.45.0", "@aws-cdk/core@^1.42.1":
  version "1.45.0"
  resolved "https://registry.yarnpkg.com/@aws-cdk/core/-/core-1.45.0.tgz#910d2820d7530f3e30f7eb0178dfce8be0673d4c"
  integrity sha512-XsUlW5OJi/gRfPbRQp/ps8uqUX6a8KIKXFHbl8sYVoiUWRYOwZq58ffO5EhGL841vZb21xRbgysSfURbWLSlUA==
  dependencies:
    "@aws-cdk/cdk-assets-schema" "1.45.0"
    "@aws-cdk/cloud-assembly-schema" "1.45.0"
    "@aws-cdk/cx-api" "1.45.0"
    constructs "^3.0.2"
    minimatch "^3.0.4"

"@aws-cdk/cx-api@1.45.0":
  version "1.45.0"
  resolved "https://registry.yarnpkg.com/@aws-cdk/cx-api/-/cx-api-1.45.0.tgz#bc87fe455cf10a8f3c3a713d979b2e57817b2b28"
  integrity sha512-OQnG2tdnmX4D3LXDchNlzFjj7PhsLte6W/X0lOWhY3ysFZfMhOheB32oTRYLHyYBuRUTFGtOB1TmdT6N4MVQnA==
  dependencies:
    "@aws-cdk/cloud-assembly-schema" "1.45.0"
    semver "^7.2.2"

"@aws-cdk/region-info@1.45.0":
  version "1.45.0"
  resolved "https://registry.yarnpkg.com/@aws-cdk/region-info/-/region-info-1.45.0.tgz#34a8edf3e4035edb6602f279ea02869d791248a3"
  integrity sha512-kCI8od1ELYL06cEcyD13XH1fc0E5+j8JSpJAjcLriFqk+Vk7VUSsfogo1diqnyrrcApbMRvJMKSvFSmWfzYVCg==

balanced-match@^1.0.0:
  version "1.0.0"
  resolved "https://registry.yarnpkg.com/balanced-match/-/balanced-match-1.0.0.tgz#89b4d199ab2bee49de164ea02b89ce462d71b767"
  integrity sha1-ibTRmasr7kneFk6gK4nORi1xt2c=

brace-expansion@^1.1.7:
  version "1.1.11"
  resolved "https://registry.yarnpkg.com/brace-expansion/-/brace-expansion-1.1.11.tgz#3c7fcbf529d87226f3d2f52b966ff5271eb441dd"
  integrity sha512-iCuPHDFgrHX7H2vEI/5xpz07zSHB00TpugqhmYtVmMO6518mCuRMoOYFldEBl0g187ufozdaHgWKcYFb61qGiA==
  dependencies:
    balanced-match "^1.0.0"
    concat-map "0.0.1"

concat-map@0.0.1:
  version "0.0.1"
  resolved "https://registry.yarnpkg.com/concat-map/-/concat-map-0.0.1.tgz#d8a96bd77fd68df7793a73036a3ba0d5405d477b"
  integrity sha1-2Klr13/Wjfd5OnMDajug1UBdR3s=

constructs@^3.0.2:
  version "3.0.3"
  resolved "https://registry.yarnpkg.com/constructs/-/constructs-3.0.3.tgz#76687d6e3783b0b6864d72aaae5b0bacd824d52e"
  integrity sha512-JrYLpTlz92Un1jxkwoGiOiGoDjzIWtxo64sLC5FD4mQN1H9mAqZNvgxWYWaJIiWUXNkl5L5sO3GFf6peTj7UMQ==

iam-floyd@^0.8.0:
  version "0.8.0"
  resolved "https://registry.yarnpkg.com/iam-floyd/-/iam-floyd-0.8.0.tgz#2cb5b21e985701d077e5c55ac3e43dd3c23a1752"
  integrity sha512-rNnX3CSKWlUimBA5BbBelqphd7+LT3q5Zbs9pKuYQiKmEvlPU/jR2+w+FwGVN/vy03WBkFKfiKdknxnjO35cpQ==
  dependencies:
    "@aws-cdk/aws-iam" "^1.42.1"
    "@aws-cdk/core" "^1.42.1"

jsonschema@^1.2.5:
  version "1.2.6"
  resolved "https://registry.yarnpkg.com/jsonschema/-/jsonschema-1.2.6.tgz#52b0a8e9dc06bbae7295249d03e4b9faee8a0c0b"
  integrity sha512-SqhURKZG07JyKKeo/ir24QnS4/BV7a6gQy93bUSe4lUdNp0QNpIz2c9elWJQ9dpc5cQYY6cvCzgRwy0MQCLyqA==

minimatch@^3.0.4:
  version "3.0.4"
  resolved "https://registry.yarnpkg.com/minimatch/-/minimatch-3.0.4.tgz#5166e286457f03306064be5497e8dbb0c3d32083"
  integrity sha512-yJHVQEhyqPLUTgt9B83PXu6W3rx4MvvHvSUvToogpwoGDOUQ+yDrR0HRot+yOCdCO7u4hX3pWft6kWBBcqh0UA==
  dependencies:
    brace-expansion "^1.1.7"

semver@^7.2.2:
  version "7.3.2"
  resolved "https://registry.yarnpkg.com/semver/-/semver-7.3.2.tgz#604962b052b81ed0786aae84389ffba70ffd3938"
  integrity sha512-OrOb32TeeambH6UrhtShmF7CRDqhL6/5XpPNp2DuRH6+9QLw/orhp72j87v8Qa1ScDkvrrBNpZcDejAirJmfXQ==

typescript@^3.9.5:
  version "3.9.5"
  resolved "https://registry.yarnpkg.com/typescript/-/typescript-3.9.5.tgz#586f0dba300cde8be52dd1ac4f7e1009c1b13f36"
  integrity sha512-hSAifV3k+i6lEoCJ2k6R2Z/rp/H3+8sdmcn5NrS3/3kE7+RyZXm9aqvxWqjEXHAd8b0pShatpcdMTvEdvAJltQ==
